// !$*UTF8*$!
{
	archiveVersion = 1;
	classes = {
	};
	objectVersion = 56;
	objects = {

/* Begin PBXBuildFile section */
		7B33A0912B8B5EDB00530F51 /* URLSessionManager.swift in Sources */ = {isa = PBXBuildFile; fileRef = 7B33A0902B8B5EDB00530F51 /* URLSessionManager.swift */; };
		7B33A0932B8B5F4000530F51 /* KakaoModel.swift in Sources */ = {isa = PBXBuildFile; fileRef = 7B33A0922B8B5F4000530F51 /* KakaoModel.swift */; };
		7B33A0962B8B624500530F51 /* KAKAOApi.swift in Sources */ = {isa = PBXBuildFile; fileRef = 7B33A0952B8B624500530F51 /* KAKAOApi.swift */; };
		7B33A0982B8B626B00530F51 /* URLType.swift in Sources */ = {isa = PBXBuildFile; fileRef = 7B33A0972B8B626B00530F51 /* URLType.swift */; };
		7B33A09A2B8B79A100530F51 /* .gitignore in Resources */ = {isa = PBXBuildFile; fileRef = 7B33A0992B8B79A100530F51 /* .gitignore */; };
		7BF2324B2B88D773009DE0D8 /* AppDelegate.swift in Sources */ = {isa = PBXBuildFile; fileRef = 7BF2324A2B88D773009DE0D8 /* AppDelegate.swift */; };
		7BF2324D2B88D773009DE0D8 /* SceneDelegate.swift in Sources */ = {isa = PBXBuildFile; fileRef = 7BF2324C2B88D773009DE0D8 /* SceneDelegate.swift */; };
		7BF2324F2B88D773009DE0D8 /* ViewController.swift in Sources */ = {isa = PBXBuildFile; fileRef = 7BF2324E2B88D773009DE0D8 /* ViewController.swift */; };
		7BF232542B88D775009DE0D8 /* Assets.xcassets in Resources */ = {isa = PBXBuildFile; fileRef = 7BF232532B88D775009DE0D8 /* Assets.xcassets */; };
		7BF232572B88D775009DE0D8 /* LaunchScreen.storyboard in Resources */ = {isa = PBXBuildFile; fileRef = 7BF232552B88D775009DE0D8 /* LaunchScreen.storyboard */; };
		7BF232672B88D8D4009DE0D8 /* BaseView.swift in Sources */ = {isa = PBXBuildFile; fileRef = 7BF232662B88D8D4009DE0D8 /* BaseView.swift */; };
		7BF232692B88D936009DE0D8 /* BaseViewController.swift in Sources */ = {isa = PBXBuildFile; fileRef = 7BF232682B88D936009DE0D8 /* BaseViewController.swift */; };
		7BF2326B2B88D9F0009DE0D8 /* TableViewPracticeHomeView.swift in Sources */ = {isa = PBXBuildFile; fileRef = 7BF2326A2B88D9F0009DE0D8 /* TableViewPracticeHomeView.swift */; };
		7BF2326E2B88DA37009DE0D8 /* SnapKit in Frameworks */ = {isa = PBXBuildFile; productRef = 7BF2326D2B88DA37009DE0D8 /* SnapKit */; };
		7BF232702B88DAC9009DE0D8 /* User.swift in Sources */ = {isa = PBXBuildFile; fileRef = 7BF2326F2B88DAC9009DE0D8 /* User.swift */; };
		7BF232722B88DB1A009DE0D8 /* TablePracticeViewModel.swift in Sources */ = {isa = PBXBuildFile; fileRef = 7BF232712B88DB1A009DE0D8 /* TablePracticeViewModel.swift */; };
		7BF232742B88DBAA009DE0D8 /* Observer.swift in Sources */ = {isa = PBXBuildFile; fileRef = 7BF232732B88DBAA009DE0D8 /* Observer.swift */; };
		7BF232772B88DE0D009DE0D8 /* UIVIew.swift in Sources */ = {isa = PBXBuildFile; fileRef = 7BF232762B88DE0D009DE0D8 /* UIVIew.swift */; };
/* End PBXBuildFile section */

/* Begin PBXFileReference section */
		7B33A0902B8B5EDB00530F51 /* URLSessionManager.swift */ = {isa = PBXFileReference; lastKnownFileType = sourcecode.swift; path = URLSessionManager.swift; sourceTree = "<group>"; };
		7B33A0922B8B5F4000530F51 /* KakaoModel.swift */ = {isa = PBXFileReference; lastKnownFileType = sourcecode.swift; path = KakaoModel.swift; sourceTree = "<group>"; };
		7B33A0952B8B624500530F51 /* KAKAOApi.swift */ = {isa = PBXFileReference; lastKnownFileType = sourcecode.swift; path = KAKAOApi.swift; sourceTree = "<group>"; };
		7B33A0972B8B626B00530F51 /* URLType.swift */ = {isa = PBXFileReference; lastKnownFileType = sourcecode.swift; path = URLType.swift; sourceTree = "<group>"; };
		7B33A0992B8B79A100530F51 /* .gitignore */ = {isa = PBXFileReference; lastKnownFileType = text; path = .gitignore; sourceTree = "<group>"; };
		7BF232472B88D773009DE0D8 /* MVVMPlactice.app */ = {isa = PBXFileReference; explicitFileType = wrapper.application; includeInIndex = 0; path = MVVMPlactice.app; sourceTree = BUILT_PRODUCTS_DIR; };
		7BF2324A2B88D773009DE0D8 /* AppDelegate.swift */ = {isa = PBXFileReference; lastKnownFileType = sourcecode.swift; path = AppDelegate.swift; sourceTree = "<group>"; };
		7BF2324C2B88D773009DE0D8 /* SceneDelegate.swift */ = {isa = PBXFileReference; lastKnownFileType = sourcecode.swift; path = SceneDelegate.swift; sourceTree = "<group>"; };
		7BF2324E2B88D773009DE0D8 /* ViewController.swift */ = {isa = PBXFileReference; lastKnownFileType = sourcecode.swift; path = ViewController.swift; sourceTree = "<group>"; };
		7BF232532B88D775009DE0D8 /* Assets.xcassets */ = {isa = PBXFileReference; lastKnownFileType = folder.assetcatalog; path = Assets.xcassets; sourceTree = "<group>"; };
		7BF232562B88D775009DE0D8 /* Base */ = {isa = PBXFileReference; lastKnownFileType = file.storyboard; name = Base; path = Base.lproj/LaunchScreen.storyboard; sourceTree = "<group>"; };
		7BF232582B88D775009DE0D8 /* Info.plist */ = {isa = PBXFileReference; lastKnownFileType = text.plist.xml; path = Info.plist; sourceTree = "<group>"; };
		7BF232662B88D8D4009DE0D8 /* BaseView.swift */ = {isa = PBXFileReference; lastKnownFileType = sourcecode.swift; path = BaseView.swift; sourceTree = "<group>"; };
		7BF232682B88D936009DE0D8 /* BaseViewController.swift */ = {isa = PBXFileReference; lastKnownFileType = sourcecode.swift; path = BaseViewController.swift; sourceTree = "<group>"; };
		7BF2326A2B88D9F0009DE0D8 /* TableViewPracticeHomeView.swift */ = {isa = PBXFileReference; lastKnownFileType = sourcecode.swift; path = TableViewPracticeHomeView.swift; sourceTree = "<group>"; };
		7BF2326F2B88DAC9009DE0D8 /* User.swift */ = {isa = PBXFileReference; lastKnownFileType = sourcecode.swift; path = User.swift; sourceTree = "<group>"; };
		7BF232712B88DB1A009DE0D8 /* TablePracticeViewModel.swift */ = {isa = PBXFileReference; lastKnownFileType = sourcecode.swift; path = TablePracticeViewModel.swift; sourceTree = "<group>"; };
		7BF232732B88DBAA009DE0D8 /* Observer.swift */ = {isa = PBXFileReference; lastKnownFileType = sourcecode.swift; path = Observer.swift; sourceTree = "<group>"; };
		7BF232762B88DE0D009DE0D8 /* UIVIew.swift */ = {isa = PBXFileReference; lastKnownFileType = sourcecode.swift; path = UIVIew.swift; sourceTree = "<group>"; };
/* End PBXFileReference section */

/* Begin PBXFrameworksBuildPhase section */
		7BF232442B88D773009DE0D8 /* Frameworks */ = {
			isa = PBXFrameworksBuildPhase;
			buildActionMask = 2147483647;
			files = (
				7BF2326E2B88DA37009DE0D8 /* SnapKit in Frameworks */,
			);
			runOnlyForDeploymentPostprocessing = 0;
		};
/* End PBXFrameworksBuildPhase section */

/* Begin PBXGroup section */
		7B33A08F2B8B5DFD00530F51 /* Manager */ = {
			isa = PBXGroup;
			children = (
				7B33A0902B8B5EDB00530F51 /* URLSessionManager.swift */,
			);
			path = Manager;
			sourceTree = "<group>";
		};
		7B33A0942B8B623500530F51 /* URLType */ = {
			isa = PBXGroup;
			children = (
				7B33A0952B8B624500530F51 /* KAKAOApi.swift */,
				7B33A0972B8B626B00530F51 /* URLType.swift */,
			);
			path = URLType;
			sourceTree = "<group>";
		};
		7BF2323E2B88D773009DE0D8 = {
			isa = PBXGroup;
			children = (
				7B33A0992B8B79A100530F51 /* .gitignore */,
				7BF232492B88D773009DE0D8 /* MVVMPlactice */,
				7BF232482B88D773009DE0D8 /* Products */,
			);
			sourceTree = "<group>";
		};
		7BF232482B88D773009DE0D8 /* Products */ = {
			isa = PBXGroup;
			children = (
				7BF232472B88D773009DE0D8 /* MVVMPlactice.app */,
			);
			name = Products;
			sourceTree = "<group>";
		};
		7BF232492B88D773009DE0D8 /* MVVMPlactice */ = {
			isa = PBXGroup;
			children = (
				7B33A08F2B8B5DFD00530F51 /* Manager */,
				7BF232752B88DE00009DE0D8 /* Extention */,
				7BF232602B88D880009DE0D8 /* Model */,
				7BF2325F2B88D878009DE0D8 /* ViewModel */,
				7BF2325E2B88D86E009DE0D8 /* View */,
				7BF2324A2B88D773009DE0D8 /* AppDelegate.swift */,
				7BF2324C2B88D773009DE0D8 /* SceneDelegate.swift */,
				7BF2324E2B88D773009DE0D8 /* ViewController.swift */,
				7BF232532B88D775009DE0D8 /* Assets.xcassets */,
				7BF232552B88D775009DE0D8 /* LaunchScreen.storyboard */,
				7BF232582B88D775009DE0D8 /* Info.plist */,
				7BF232732B88DBAA009DE0D8 /* Observer.swift */,
			);
			path = MVVMPlactice;
			sourceTree = "<group>";
		};
		7BF2325E2B88D86E009DE0D8 /* View */ = {
			isa = PBXGroup;
			children = (
				7BF232652B88D8C7009DE0D8 /* BaseView */,
				7BF232642B88D8BF009DE0D8 /* HomeView */,
				7BF232612B88D89A009DE0D8 /* ViewController */,
			);
			path = View;
			sourceTree = "<group>";
		};
		7BF2325F2B88D878009DE0D8 /* ViewModel */ = {
			isa = PBXGroup;
			children = (
				7BF232712B88DB1A009DE0D8 /* TablePracticeViewModel.swift */,
			);
			path = ViewModel;
			sourceTree = "<group>";
		};
		7BF232602B88D880009DE0D8 /* Model */ = {
			isa = PBXGroup;
			children = (
				7B33A0942B8B623500530F51 /* URLType */,
				7BF2326F2B88DAC9009DE0D8 /* User.swift */,
				7B33A0922B8B5F4000530F51 /* KakaoModel.swift */,
			);
			path = Model;
			sourceTree = "<group>";
		};
		7BF232612B88D89A009DE0D8 /* ViewController */ = {
			isa = PBXGroup;
			children = (
			);
			path = ViewController;
			sourceTree = "<group>";
		};
		7BF232642B88D8BF009DE0D8 /* HomeView */ = {
			isa = PBXGroup;
			children = (
				7BF2326A2B88D9F0009DE0D8 /* TableViewPracticeHomeView.swift */,
			);
			path = HomeView;
			sourceTree = "<group>";
		};
		7BF232652B88D8C7009DE0D8 /* BaseView */ = {
			isa = PBXGroup;
			children = (
				7BF232662B88D8D4009DE0D8 /* BaseView.swift */,
				7BF232682B88D936009DE0D8 /* BaseViewController.swift */,
			);
			path = BaseView;
			sourceTree = "<group>";
		};
		7BF232752B88DE00009DE0D8 /* Extention */ = {
			isa = PBXGroup;
			children = (
				7BF232762B88DE0D009DE0D8 /* UIVIew.swift */,
			);
			path = Extention;
			sourceTree = "<group>";
		};
/* End PBXGroup section */

/* Begin PBXNativeTarget section */
		7BF232462B88D773009DE0D8 /* MVVMPlactice */ = {
			isa = PBXNativeTarget;
			buildConfigurationList = 7BF2325B2B88D775009DE0D8 /* Build configuration list for PBXNativeTarget "MVVMPlactice" */;
			buildPhases = (
				7BF232432B88D773009DE0D8 /* Sources */,
				7BF232442B88D773009DE0D8 /* Frameworks */,
				7BF232452B88D773009DE0D8 /* Resources */,
			);
			buildRules = (
			);
			dependencies = (
			);
			name = MVVMPlactice;
			packageProductDependencies = (
				7BF2326D2B88DA37009DE0D8 /* SnapKit */,
			);
			productName = MVVMPlactice;
			productReference = 7BF232472B88D773009DE0D8 /* MVVMPlactice.app */;
			productType = "com.apple.product-type.application";
		};
/* End PBXNativeTarget section */

/* Begin PBXProject section */
		7BF2323F2B88D773009DE0D8 /* Project object */ = {
			isa = PBXProject;
			attributes = {
				BuildIndependentTargetsInParallel = 1;
				LastSwiftUpdateCheck = 1520;
				LastUpgradeCheck = 1520;
				TargetAttributes = {
					7BF232462B88D773009DE0D8 = {
						CreatedOnToolsVersion = 15.2;
					};
				};
			};
			buildConfigurationList = 7BF232422B88D773009DE0D8 /* Build configuration list for PBXProject "MVVMPlactice" */;
			compatibilityVersion = "Xcode 14.0";
			developmentRegion = en;
			hasScannedForEncodings = 0;
			knownRegions = (
				en,
				Base,
			);
			mainGroup = 7BF2323E2B88D773009DE0D8;
			packageReferences = (
				7BF2326C2B88DA37009DE0D8 /* XCRemoteSwiftPackageReference "SnapKit" */,
			);
			productRefGroup = 7BF232482B88D773009DE0D8 /* Products */;
			projectDirPath = "";
			projectRoot = "";
			targets = (
				7BF232462B88D773009DE0D8 /* MVVMPlactice */,
			);
		};
/* End PBXProject section */

/* Begin PBXResourcesBuildPhase section */
		7BF232452B88D773009DE0D8 /* Resources */ = {
			isa = PBXResourcesBuildPhase;
			buildActionMask = 2147483647;
			files = (
				7BF232572B88D775009DE0D8 /* LaunchScreen.storyboard in Resources */,
				7B33A09A2B8B79A100530F51 /* .gitignore in Resources */,
				7BF232542B88D775009DE0D8 /* Assets.xcassets in Resources */,
			);
			runOnlyForDeploymentPostprocessing = 0;
		};
/* End PBXResourcesBuildPhase section */

/* Begin PBXSourcesBuildPhase section */
		7BF232432B88D773009DE0D8 /* Sources */ = {
			isa = PBXSourcesBuildPhase;
			buildActionMask = 2147483647;
			files = (
				7BF232722B88DB1A009DE0D8 /* TablePracticeViewModel.swift in Sources */,
				7BF232742B88DBAA009DE0D8 /* Observer.swift in Sources */,
				7BF232772B88DE0D009DE0D8 /* UIVIew.swift in Sources */,
				7B33A0982B8B626B00530F51 /* URLType.swift in Sources */,
				7BF232692B88D936009DE0D8 /* BaseViewController.swift in Sources */,
				7BF2324F2B88D773009DE0D8 /* ViewController.swift in Sources */,
				7B33A0912B8B5EDB00530F51 /* URLSessionManager.swift in Sources */,
				7BF2324B2B88D773009DE0D8 /* AppDelegate.swift in Sources */,
				7B33A0932B8B5F4000530F51 /* KakaoModel.swift in Sources */,
				7BF2324D2B88D773009DE0D8 /* SceneDelegate.swift in Sources */,
				7BF2326B2B88D9F0009DE0D8 /* TableViewPracticeHomeView.swift in Sources */,
				7BF232672B88D8D4009DE0D8 /* BaseView.swift in Sources */,
				7B33A0962B8B624500530F51 /* KAKAOApi.swift in Sources */,
				7BF232702B88DAC9009DE0D8 /* User.swift in Sources */,
			);
			runOnlyForDeploymentPostprocessing = 0;
		};
/* End PBXSourcesBuildPhase section */

/* Begin PBXVariantGroup section */
		7BF232552B88D775009DE0D8 /* LaunchScreen.storyboard */ = {
			isa = PBXVariantGroup;
			children = (
				7BF232562B88D775009DE0D8 /* Base */,
			);
			name = LaunchScreen.storyboard;
			sourceTree = "<group>";
		};
/* End PBXVariantGroup section */

/* Begin XCBuildConfiguration section */
		7BF232592B88D775009DE0D8 /* Debug */ = {
			isa = XCBuildConfiguration;
			buildSettings = {
				ALWAYS_SEARCH_USER_PATHS = NO;
				ASSETCATALOG_COMPILER_GENERATE_SWIFT_ASSET_SYMBOL_EXTENSIONS = YES;
				CLANG_ANALYZER_NONNULL = YES;
				CLANG_ANALYZER_NUMBER_OBJECT_CONVERSION = YES_AGGRESSIVE;
				CLANG_CXX_LANGUAGE_STANDARD = "gnu++20";
				CLANG_ENABLE_MODULES = YES;
				CLANG_ENABLE_OBJC_ARC = YES;
				CLANG_ENABLE_OBJC_WEAK = YES;
				CLANG_WARN_BLOCK_CAPTURE_AUTORELEASING = YES;
				CLANG_WARN_BOOL_CONVERSION = YES;
				CLANG_WARN_COMMA = YES;
				CLANG_WARN_CONSTANT_CONVERSION = YES;
				CLANG_WARN_DEPRECATED_OBJC_IMPLEMENTATIONS = YES;
				CLANG_WARN_DIRECT_OBJC_ISA_USAGE = YES_ERROR;
				CLANG_WARN_DOCUMENTATION_COMMENTS = YES;
				CLANG_WARN_EMPTY_BODY = YES;
				CLANG_WARN_ENUM_CONVERSION = YES;
				CLANG_WARN_INFINITE_RECURSION = YES;
				CLANG_WARN_INT_CONVERSION = YES;
				CLANG_WARN_NON_LITERAL_NULL_CONVERSION = YES;
				CLANG_WARN_OBJC_IMPLICIT_RETAIN_SELF = YES;
				CLANG_WARN_OBJC_LITERAL_CONVERSION = YES;
				CLANG_WARN_OBJC_ROOT_CLASS = YES_ERROR;
				CLANG_WARN_QUOTED_INCLUDE_IN_FRAMEWORK_HEADER = YES;
				CLANG_WARN_RANGE_LOOP_ANALYSIS = YES;
				CLANG_WARN_STRICT_PROTOTYPES = YES;
				CLANG_WARN_SUSPICIOUS_MOVE = YES;
				CLANG_WARN_UNGUARDED_AVAILABILITY = YES_AGGRESSIVE;
				CLANG_WARN_UNREACHABLE_CODE = YES;
				CLANG_WARN__DUPLICATE_METHOD_MATCH = YES;
				COPY_PHASE_STRIP = NO;
				DEBUG_INFORMATION_FORMAT = dwarf;
				ENABLE_STRICT_OBJC_MSGSEND = YES;
				ENABLE_TESTABILITY = YES;
				ENABLE_USER_SCRIPT_SANDBOXING = YES;
				GCC_C_LANGUAGE_STANDARD = gnu17;
				GCC_DYNAMIC_NO_PIC = NO;
				GCC_NO_COMMON_BLOCKS = YES;
				GCC_OPTIMIZATION_LEVEL = 0;
				GCC_PREPROCESSOR_DEFINITIONS = (
					"DEBUG=1",
					"$(inherited)",
				);
				GCC_WARN_64_TO_32_BIT_CONVERSION = YES;
				GCC_WARN_ABOUT_RETURN_TYPE = YES_ERROR;
				GCC_WARN_UNDECLARED_SELECTOR = YES;
				GCC_WARN_UNINITIALIZED_AUTOS = YES_AGGRESSIVE;
				GCC_WARN_UNUSED_FUNCTION = YES;
				GCC_WARN_UNUSED_VARIABLE = YES;
				IPHONEOS_DEPLOYMENT_TARGET = 17.2;
				LOCALIZATION_PREFERS_STRING_CATALOGS = YES;
				MTL_ENABLE_DEBUG_INFO = INCLUDE_SOURCE;
				MTL_FAST_MATH = YES;
				ONLY_ACTIVE_ARCH = YES;
				SDKROOT = iphoneos;
				SWIFT_ACTIVE_COMPILATION_CONDITIONS = "DEBUG $(inherited)";
				SWIFT_OPTIMIZATION_LEVEL = "-Onone";
			};
			name = Debug;
		};
		7BF2325A2B88D775009DE0D8 /* Release */ = {
			isa = XCBuildConfiguration;
			buildSettings = {
				ALWAYS_SEARCH_USER_PATHS = NO;
				ASSETCATALOG_COMPILER_GENERATE_SWIFT_ASSET_SYMBOL_EXTENSIONS = YES;
				CLANG_ANALYZER_NONNULL = YES;
				CLANG_ANALYZER_NUMBER_OBJECT_CONVERSION = YES_AGGRESSIVE;
				CLANG_CXX_LANGUAGE_STANDARD = "gnu++20";
				CLANG_ENABLE_MODULES = YES;
				CLANG_ENABLE_OBJC_ARC = YES;
				CLANG_ENABLE_OBJC_WEAK = YES;
				CLANG_WARN_BLOCK_CAPTURE_AUTORELEASING = YES;
				CLANG_WARN_BOOL_CONVERSION = YES;
				CLANG_WARN_COMMA = YES;
				CLANG_WARN_CONSTANT_CONVERSION = YES;
				CLANG_WARN_DEPRECATED_OBJC_IMPLEMENTATIONS = YES;
				CLANG_WARN_DIRECT_OBJC_ISA_USAGE = YES_ERROR;
				CLANG_WARN_DOCUMENTATION_COMMENTS = YES;
				CLANG_WARN_EMPTY_BODY = YES;
				CLANG_WARN_ENUM_CONVERSION = YES;
				CLANG_WARN_INFINITE_RECURSION = YES;
				CLANG_WARN_INT_CONVERSION = YES;
				CLANG_WARN_NON_LITERAL_NULL_CONVERSION = YES;
				CLANG_WARN_OBJC_IMPLICIT_RETAIN_SELF = YES;
				CLANG_WARN_OBJC_LITERAL_CONVERSION = YES;
				CLANG_WARN_OBJC_ROOT_CLASS = YES_ERROR;
				CLANG_WARN_QUOTED_INCLUDE_IN_FRAMEWORK_HEADER = YES;
				CLANG_WARN_RANGE_LOOP_ANALYSIS = YES;
				CLANG_WARN_STRICT_PROTOTYPES = YES;
				CLANG_WARN_SUSPICIOUS_MOVE = YES;
				CLANG_WARN_UNGUARDED_AVAILABILITY = YES_AGGRESSIVE;
				CLANG_WARN_UNREACHABLE_CODE = YES;
				CLANG_WARN__DUPLICATE_METHOD_MATCH = YES;
				COPY_PHASE_STRIP = NO;
				DEBUG_INFORMATION_FORMAT = "dwarf-with-dsym";
				ENABLE_NS_ASSERTIONS = NO;
				ENABLE_STRICT_OBJC_MSGSEND = YES;
				ENABLE_USER_SCRIPT_SANDBOXING = YES;
				GCC_C_LANGUAGE_STANDARD = gnu17;
				GCC_NO_COMMON_BLOCKS = YES;
				GCC_WARN_64_TO_32_BIT_CONVERSION = YES;
				GCC_WARN_ABOUT_RETURN_TYPE = YES_ERROR;
				GCC_WARN_UNDECLARED_SELECTOR = YES;
				GCC_WARN_UNINITIALIZED_AUTOS = YES_AGGRESSIVE;
				GCC_WARN_UNUSED_FUNCTION = YES;
				GCC_WARN_UNUSED_VARIABLE = YES;
				IPHONEOS_DEPLOYMENT_TARGET = 17.2;
				LOCALIZATION_PREFERS_STRING_CATALOGS = YES;
				MTL_ENABLE_DEBUG_INFO = NO;
				MTL_FAST_MATH = YES;
				SDKROOT = iphoneos;
				SWIFT_COMPILATION_MODE = wholemodule;
				VALIDATE_PRODUCT = YES;
			};
			name = Release;
		};
		7BF2325C2B88D775009DE0D8 /* Debug */ = {
			isa = XCBuildConfiguration;
			buildSettings = {
				ASSETCATALOG_COMPILER_APPICON_NAME = AppIcon;
				ASSETCATALOG_COMPILER_GLOBAL_ACCENT_COLOR_NAME = AccentColor;
				CODE_SIGN_STYLE = Automatic;
				CURRENT_PROJECT_VERSION = 1;
				DEVELOPMENT_TEAM = H25F4B7J4U;
				GENERATE_INFOPLIST_FILE = YES;
				INFOPLIST_FILE = MVVMPlactice/Info.plist;
				INFOPLIST_KEY_UIApplicationSupportsIndirectInputEvents = YES;
				INFOPLIST_KEY_UILaunchStoryboardName = LaunchScreen;
				INFOPLIST_KEY_UISupportedInterfaceOrientations_iPad = "UIInterfaceOrientationPortrait UIInterfaceOrientationPortraitUpsideDown UIInterfaceOrientationLandscapeLeft UIInterfaceOrientationLandscapeRight";
				INFOPLIST_KEY_UISupportedInterfaceOrientations_iPhone = "UIInterfaceOrientationPortrait UIInterfaceOrientationLandscapeLeft UIInterfaceOrientationLandscapeRight";
				LD_RUNPATH_SEARCH_PATHS = (
					"$(inherited)",
					"@executable_path/Frameworks",
				);
				MARKETING_VERSION = 1.0;
				PRODUCT_BUNDLE_IDENTIFIER = com.SilverGun.MVVMPlactice;
				PRODUCT_NAME = "$(TARGET_NAME)";
				SUPPORTED_PLATFORMS = "iphoneos iphonesimulator";
				SUPPORTS_MACCATALYST = NO;
				SUPPORTS_MAC_DESIGNED_FOR_IPHONE_IPAD = NO;
				SUPPORTS_XR_DESIGNED_FOR_IPHONE_IPAD = NO;
				SWIFT_EMIT_LOC_STRINGS = YES;
				SWIFT_VERSION = 5.0;
				TARGETED_DEVICE_FAMILY = 1;
			};
			name = Debug;
		};
		7BF2325D2B88D775009DE0D8 /* Release */ = {
			isa = XCBuildConfiguration;
			buildSettings = {
				ASSETCATALOG_COMPILER_APPICON_NAME = AppIcon;
				ASSETCATALOG_COMPILER_GLOBAL_ACCENT_COLOR_NAME = AccentColor;
				CODE_SIGN_STYLE = Automatic;
				CURRENT_PROJECT_VERSION = 1;
				DEVELOPMENT_TEAM = H25F4B7J4U;
				GENERATE_INFOPLIST_FILE = YES;
				INFOPLIST_FILE = MVVMPlactice/Info.plist;
				INFOPLIST_KEY_UIApplicationSupportsIndirectInputEvents = YES;
				INFOPLIST_KEY_UILaunchStoryboardName = LaunchScreen;
				INFOPLIST_KEY_UISupportedInterfaceOrientations_iPad = "UIInterfaceOrientationPortrait UIInterfaceOrientationPortraitUpsideDown UIInterfaceOrientationLandscapeLeft UIInterfaceOrientationLandscapeRight";
				INFOPLIST_KEY_UISupportedInterfaceOrientations_iPhone = "UIInterfaceOrientationPortrait UIInterfaceOrientationLandscapeLeft UIInterfaceOrientationLandscapeRight";
				LD_RUNPATH_SEARCH_PATHS = (
					"$(inherited)",
					"@executable_path/Frameworks",
				);
				MARKETING_VERSION = 1.0;
				PRODUCT_BUNDLE_IDENTIFIER = com.SilverGun.MVVMPlactice;
				PRODUCT_NAME = "$(TARGET_NAME)";
				SUPPORTED_PLATFORMS = "iphoneos iphonesimulator";
				SUPPORTS_MACCATALYST = NO;
				SUPPORTS_MAC_DESIGNED_FOR_IPHONE_IPAD = NO;
				SUPPORTS_XR_DESIGNED_FOR_IPHONE_IPAD = NO;
				SWIFT_EMIT_LOC_STRINGS = YES;
				SWIFT_VERSION = 5.0;
				TARGETED_DEVICE_FAMILY = 1;
			};
			name = Release;
		};
/* End XCBuildConfiguration section */

/* Begin XCConfigurationList section */
		7BF232422B88D773009DE0D8 /* Build configuration list for PBXProject "MVVMPlactice" */ = {
			isa = XCConfigurationList;
			buildConfigurations = (
				7BF232592B88D775009DE0D8 /* Debug */,
				7BF2325A2B88D775009DE0D8 /* Release */,
			);
			defaultConfigurationIsVisible = 0;
			defaultConfigurationName = Release;
		};
		7BF2325B2B88D775009DE0D8 /* Build configuration list for PBXNativeTarget "MVVMPlactice" */ = {
			isa = XCConfigurationList;
			buildConfigurations = (
				7BF2325C2B88D775009DE0D8 /* Debug */,
				7BF2325D2B88D775009DE0D8 /* Release */,
			);
			defaultConfigurationIsVisible = 0;
			defaultConfigurationName = Release;
		};
/* End XCConfigurationList section */

/* Begin XCRemoteSwiftPackageReference section */
		7BF2326C2B88DA37009DE0D8 /* XCRemoteSwiftPackageReference "SnapKit" */ = {
			isa = XCRemoteSwiftPackageReference;
			repositoryURL = "https://github.com/SnapKit/SnapKit.git";
			requirement = {
				kind = upToNextMajorVersion;
				minimumVersion = 5.7.1;
			};
		};
/* End XCRemoteSwiftPackageReference section */

/* Begin XCSwiftPackageProductDependency section */
		7BF2326D2B88DA37009DE0D8 /* SnapKit */ = {
			isa = XCSwiftPackageProductDependency;
			package = 7BF2326C2B88DA37009DE0D8 /* XCRemoteSwiftPackageReference "SnapKit" */;
			productName = SnapKit;
		};
/* End XCSwiftPackageProductDependency section */
	};
	rootObject = 7BF2323F2B88D773009DE0D8 /* Project object */;
}
